// !$*UTF8*$!
{
	archiveVersion = 1;
	classes = {
	};
	objectVersion = 56;
	objects = {

/* Begin PBXBuildFile section */
		3A7968742BDF29C400CFEC27 /* HomeView.swift in Sources */ = {isa = PBXBuildFile; fileRef = 3A7968732BDF29C400CFEC27 /* HomeView.swift */; };
		3A7968762BE50EB700CFEC27 /* MainTabView.swift in Sources */ = {isa = PBXBuildFile; fileRef = 3A7968752BE50EB700CFEC27 /* MainTabView.swift */; };
		3A79687D2BE50FB000CFEC27 /* Tab.swift in Sources */ = {isa = PBXBuildFile; fileRef = 3A79687C2BE50FB000CFEC27 /* Tab.swift */; };
		3A7968812BE51B0500CFEC27 /* BlissBallView.swift in Sources */ = {isa = PBXBuildFile; fileRef = 3A7968802BE51B0500CFEC27 /* BlissBallView.swift */; };
		3A7968832BE51B1000CFEC27 /* SettingView.swift in Sources */ = {isa = PBXBuildFile; fileRef = 3A7968822BE51B1000CFEC27 /* SettingView.swift */; };
		3A7968852BE51B2900CFEC27 /* TaskView.swift in Sources */ = {isa = PBXBuildFile; fileRef = 3A7968842BE51B2900CFEC27 /* TaskView.swift */; };
		3A79688A2BE51B7F00CFEC27 /* SelfAffirmationView.swift in Sources */ = {isa = PBXBuildFile; fileRef = 3A7968892BE51B7F00CFEC27 /* SelfAffirmationView.swift */; };
		3A79688C2BE51B8F00CFEC27 /* CustomView.swift in Sources */ = {isa = PBXBuildFile; fileRef = 3A79688B2BE51B8F00CFEC27 /* CustomView.swift */; };
		C55FBB0F2BD5F679000655DE /* BlissBallApp.swift in Sources */ = {isa = PBXBuildFile; fileRef = C55FBB0E2BD5F679000655DE /* BlissBallApp.swift */; };
		C55FBB112BD5F679000655DE /* ContentView.swift in Sources */ = {isa = PBXBuildFile; fileRef = C55FBB102BD5F679000655DE /* ContentView.swift */; };
		C55FBB132BD5F67A000655DE /* Assets.xcassets in Resources */ = {isa = PBXBuildFile; fileRef = C55FBB122BD5F67A000655DE /* Assets.xcassets */; };
		C55FBB162BD5F67A000655DE /* Preview Assets.xcassets in Resources */ = {isa = PBXBuildFile; fileRef = C55FBB152BD5F67A000655DE /* Preview Assets.xcassets */; };
		C56922572BF085B0009D45CD /* LuckyBallView.swift in Sources */ = {isa = PBXBuildFile; fileRef = C56922562BF085B0009D45CD /* LuckyBallView.swift */; };
		C569225B2BF18338009D45CD /* TabViewModel.swift in Sources */ = {isa = PBXBuildFile; fileRef = C569225A2BF18338009D45CD /* TabViewModel.swift */; };
		C569225D2BF192F2009D45CD /* TaskModel.swift in Sources */ = {isa = PBXBuildFile; fileRef = C569225C2BF192F2009D45CD /* TaskModel.swift */; };
		FDA333F72BEDF34B0024A0D6 /* TaskView_another.swift in Sources */ = {isa = PBXBuildFile; fileRef = FDA333F62BEDF34B0024A0D6 /* TaskView_another.swift */; };
/* End PBXBuildFile section */

/* Begin PBXFileReference section */
		3A7968732BDF29C400CFEC27 /* HomeView.swift */ = {isa = PBXFileReference; lastKnownFileType = sourcecode.swift; path = HomeView.swift; sourceTree = "<group>"; };
		3A7968752BE50EB700CFEC27 /* MainTabView.swift */ = {isa = PBXFileReference; lastKnownFileType = sourcecode.swift; path = MainTabView.swift; sourceTree = "<group>"; };
		3A79687C2BE50FB000CFEC27 /* Tab.swift */ = {isa = PBXFileReference; lastKnownFileType = sourcecode.swift; path = Tab.swift; sourceTree = "<group>"; };
		3A7968802BE51B0500CFEC27 /* BlissBallView.swift */ = {isa = PBXFileReference; lastKnownFileType = sourcecode.swift; path = BlissBallView.swift; sourceTree = "<group>"; };
		3A7968822BE51B1000CFEC27 /* SettingView.swift */ = {isa = PBXFileReference; lastKnownFileType = sourcecode.swift; path = SettingView.swift; sourceTree = "<group>"; };
		3A7968842BE51B2900CFEC27 /* TaskView.swift */ = {isa = PBXFileReference; lastKnownFileType = sourcecode.swift; path = TaskView.swift; sourceTree = "<group>"; };
		3A7968892BE51B7F00CFEC27 /* SelfAffirmationView.swift */ = {isa = PBXFileReference; lastKnownFileType = sourcecode.swift; path = SelfAffirmationView.swift; sourceTree = "<group>"; };
		3A79688B2BE51B8F00CFEC27 /* CustomView.swift */ = {isa = PBXFileReference; lastKnownFileType = sourcecode.swift; path = CustomView.swift; sourceTree = "<group>"; };
		C55FBB0B2BD5F679000655DE /* BlissBubble.app */ = {isa = PBXFileReference; explicitFileType = wrapper.application; includeInIndex = 0; path = BlissBubble.app; sourceTree = BUILT_PRODUCTS_DIR; };
		C55FBB0E2BD5F679000655DE /* BlissBallApp.swift */ = {isa = PBXFileReference; lastKnownFileType = sourcecode.swift; path = BlissBallApp.swift; sourceTree = "<group>"; };
		C55FBB102BD5F679000655DE /* ContentView.swift */ = {isa = PBXFileReference; lastKnownFileType = sourcecode.swift; path = ContentView.swift; sourceTree = "<group>"; };
		C55FBB122BD5F67A000655DE /* Assets.xcassets */ = {isa = PBXFileReference; lastKnownFileType = folder.assetcatalog; path = Assets.xcassets; sourceTree = "<group>"; };
		C55FBB152BD5F67A000655DE /* Preview Assets.xcassets */ = {isa = PBXFileReference; lastKnownFileType = folder.assetcatalog; path = "Preview Assets.xcassets"; sourceTree = "<group>"; };
		C56922562BF085B0009D45CD /* LuckyBallView.swift */ = {isa = PBXFileReference; lastKnownFileType = sourcecode.swift; path = LuckyBallView.swift; sourceTree = "<group>"; };
		C569225A2BF18338009D45CD /* TabViewModel.swift */ = {isa = PBXFileReference; lastKnownFileType = sourcecode.swift; path = TabViewModel.swift; sourceTree = "<group>"; };
		C569225C2BF192F2009D45CD /* TaskModel.swift */ = {isa = PBXFileReference; fileEncoding = 4; lastKnownFileType = sourcecode.swift; path = TaskModel.swift; sourceTree = "<group>"; };
		FDA333F62BEDF34B0024A0D6 /* TaskView_another.swift */ = {isa = PBXFileReference; lastKnownFileType = sourcecode.swift; path = TaskView_another.swift; sourceTree = "<group>"; };
/* End PBXFileReference section */

/* Begin PBXFrameworksBuildPhase section */
		C55FBB082BD5F679000655DE /* Frameworks */ = {
			isa = PBXFrameworksBuildPhase;
			buildActionMask = 2147483647;
			files = (
			);
			runOnlyForDeploymentPostprocessing = 0;
		};
/* End PBXFrameworksBuildPhase section */

/* Begin PBXGroup section */
		3A7968772BE50F6C00CFEC27 /* Model */ = {
			isa = PBXGroup;
			children = (
				C569225C2BF192F2009D45CD /* TaskModel.swift */,
				3A79687C2BE50FB000CFEC27 /* Tab.swift */,
			);
			path = Model;
			sourceTree = "<group>";
		};
		3A7968782BE50F7100CFEC27 /* Feature */ = {
			isa = PBXGroup;
			children = (
				C55FBB102BD5F679000655DE /* ContentView.swift */,
				3A7968752BE50EB700CFEC27 /* MainTabView.swift */,
				3A79687E2BE51AD400CFEC27 /* Tabs */,
				C56922562BF085B0009D45CD /* LuckyBallView.swift */,
			);
			path = Feature;
			sourceTree = "<group>";
		};
		3A79687B2BE50F8100CFEC27 /* App */ = {
			isa = PBXGroup;
			children = (
				C55FBB0E2BD5F679000655DE /* BlissBallApp.swift */,
			);
			path = App;
			sourceTree = "<group>";
		};
		3A79687E2BE51AD400CFEC27 /* Tabs */ = {
			isa = PBXGroup;
			children = (
				3A7968862BE51B3500CFEC27 /* Home */,
				3A7968872BE51B4100CFEC27 /* BlissBall */,
				3A7968882BE51B4D00CFEC27 /* Setting */,
				C569225A2BF18338009D45CD /* TabViewModel.swift */,
			);
			path = Tabs;
			sourceTree = "<group>";
		};
		3A79687F2BE51AE800CFEC27 /* Menus */ = {
			isa = PBXGroup;
			children = (
				3A7968842BE51B2900CFEC27 /* TaskView.swift */,
				3A7968892BE51B7F00CFEC27 /* SelfAffirmationView.swift */,
				3A79688B2BE51B8F00CFEC27 /* CustomView.swift */,
				FDA333F62BEDF34B0024A0D6 /* TaskView_another.swift */,
			);
			path = Menus;
			sourceTree = "<group>";
		};
		3A7968862BE51B3500CFEC27 /* Home */ = {
			isa = PBXGroup;
			children = (
				3A7968732BDF29C400CFEC27 /* HomeView.swift */,
				3A79687F2BE51AE800CFEC27 /* Menus */,
			);
			path = Home;
			sourceTree = "<group>";
		};
		3A7968872BE51B4100CFEC27 /* BlissBall */ = {
			isa = PBXGroup;
			children = (
				3A7968802BE51B0500CFEC27 /* BlissBallView.swift */,
			);
			path = BlissBall;
			sourceTree = "<group>";
		};
		3A7968882BE51B4D00CFEC27 /* Setting */ = {
			isa = PBXGroup;
			children = (
				3A7968822BE51B1000CFEC27 /* SettingView.swift */,
			);
			path = Setting;
			sourceTree = "<group>";
		};
		C55FBB022BD5F679000655DE = {
			isa = PBXGroup;
			children = (
				C55FBB0D2BD5F679000655DE /* BlissBall */,
				C55FBB0C2BD5F679000655DE /* Products */,
			);
			sourceTree = "<group>";
		};
		C55FBB0C2BD5F679000655DE /* Products */ = {
			isa = PBXGroup;
			children = (
				C55FBB0B2BD5F679000655DE /* BlissBubble.app */,
			);
			name = Products;
			sourceTree = "<group>";
		};
		C55FBB0D2BD5F679000655DE /* BlissBall */ = {
			isa = PBXGroup;
			children = (
				3A79687B2BE50F8100CFEC27 /* App */,
				3A7968782BE50F7100CFEC27 /* Feature */,
				3A7968772BE50F6C00CFEC27 /* Model */,
				C55FBB122BD5F67A000655DE /* Assets.xcassets */,
				C55FBB142BD5F67A000655DE /* Preview Content */,
			);
			path = BlissBall;
			sourceTree = "<group>";
		};
		C55FBB142BD5F67A000655DE /* Preview Content */ = {
			isa = PBXGroup;
			children = (
				C55FBB152BD5F67A000655DE /* Preview Assets.xcassets */,
			);
			path = "Preview Content";
			sourceTree = "<group>";
		};
/* End PBXGroup section */

/* Begin PBXNativeTarget section */
		C55FBB0A2BD5F679000655DE /* BlissBubble */ = {
			isa = PBXNativeTarget;
			buildConfigurationList = C55FBB192BD5F67A000655DE /* Build configuration list for PBXNativeTarget "BlissBubble" */;
			buildPhases = (
				C55FBB072BD5F679000655DE /* Sources */,
				C55FBB082BD5F679000655DE /* Frameworks */,
				C55FBB092BD5F679000655DE /* Resources */,
			);
			buildRules = (
			);
			dependencies = (
			);
			name = BlissBubble;
			productName = BlissBubble;
			productReference = C55FBB0B2BD5F679000655DE /* BlissBubble.app */;
			productType = "com.apple.product-type.application";
		};
/* End PBXNativeTarget section */

/* Begin PBXProject section */
		C55FBB032BD5F679000655DE /* Project object */ = {
			isa = PBXProject;
			attributes = {
				BuildIndependentTargetsInParallel = 1;
				LastSwiftUpdateCheck = 1530;
				LastUpgradeCheck = 1530;
				TargetAttributes = {
					C55FBB0A2BD5F679000655DE = {
						CreatedOnToolsVersion = 15.3;
					};
				};
			};
			buildConfigurationList = C55FBB062BD5F679000655DE /* Build configuration list for PBXProject "BlissBall" */;
			compatibilityVersion = "Xcode 14.0";
			developmentRegion = en;
			hasScannedForEncodings = 0;
			knownRegions = (
				en,
				Base,
			);
			mainGroup = C55FBB022BD5F679000655DE;
			productRefGroup = C55FBB0C2BD5F679000655DE /* Products */;
			projectDirPath = "";
			projectRoot = "";
			targets = (
				C55FBB0A2BD5F679000655DE /* BlissBubble */,
			);
		};
/* End PBXProject section */

/* Begin PBXResourcesBuildPhase section */
		C55FBB092BD5F679000655DE /* Resources */ = {
			isa = PBXResourcesBuildPhase;
			buildActionMask = 2147483647;
			files = (
				C55FBB162BD5F67A000655DE /* Preview Assets.xcassets in Resources */,
				C55FBB132BD5F67A000655DE /* Assets.xcassets in Resources */,
			);
			runOnlyForDeploymentPostprocessing = 0;
		};
/* End PBXResourcesBuildPhase section */

/* Begin PBXSourcesBuildPhase section */
		C55FBB072BD5F679000655DE /* Sources */ = {
			isa = PBXSourcesBuildPhase;
			buildActionMask = 2147483647;
			files = (
				C56922572BF085B0009D45CD /* LuckyBallView.swift in Sources */,
				3A7968742BDF29C400CFEC27 /* HomeView.swift in Sources */,
				C569225B2BF18338009D45CD /* TabViewModel.swift in Sources */,
				3A7968812BE51B0500CFEC27 /* BlissBallView.swift in Sources */,
				C55FBB112BD5F679000655DE /* ContentView.swift in Sources */,
				3A7968832BE51B1000CFEC27 /* SettingView.swift in Sources */,
				C569225D2BF192F2009D45CD /* TaskModel.swift in Sources */,
				3A79687D2BE50FB000CFEC27 /* Tab.swift in Sources */,
				3A79688C2BE51B8F00CFEC27 /* CustomView.swift in Sources */,
				3A7968762BE50EB700CFEC27 /* MainTabView.swift in Sources */,
				C55FBB0F2BD5F679000655DE /* BlissBallApp.swift in Sources */,
				3A79688A2BE51B7F00CFEC27 /* SelfAffirmationView.swift in Sources */,
				3A7968852BE51B2900CFEC27 /* TaskView.swift in Sources */,
				FDA333F72BEDF34B0024A0D6 /* TaskView_another.swift in Sources */,
			);
			runOnlyForDeploymentPostprocessing = 0;
		};
/* End PBXSourcesBuildPhase section */

/* Begin XCBuildConfiguration section */
		C55FBB172BD5F67A000655DE /* Debug */ = {
			isa = XCBuildConfiguration;
			buildSettings = {
				ALWAYS_SEARCH_USER_PATHS = NO;
				ASSETCATALOG_COMPILER_GENERATE_SWIFT_ASSET_SYMBOL_EXTENSIONS = YES;
				CLANG_ANALYZER_NONNULL = YES;
				CLANG_ANALYZER_NUMBER_OBJECT_CONVERSION = YES_AGGRESSIVE;
				CLANG_CXX_LANGUAGE_STANDARD = "gnu++20";
				CLANG_ENABLE_MODULES = YES;
				CLANG_ENABLE_OBJC_ARC = YES;
				CLANG_ENABLE_OBJC_WEAK = YES;
				CLANG_WARN_BLOCK_CAPTURE_AUTORELEASING = YES;
				CLANG_WARN_BOOL_CONVERSION = YES;
				CLANG_WARN_COMMA = YES;
				CLANG_WARN_CONSTANT_CONVERSION = YES;
				CLANG_WARN_DEPRECATED_OBJC_IMPLEMENTATIONS = YES;
				CLANG_WARN_DIRECT_OBJC_ISA_USAGE = YES_ERROR;
				CLANG_WARN_DOCUMENTATION_COMMENTS = YES;
				CLANG_WARN_EMPTY_BODY = YES;
				CLANG_WARN_ENUM_CONVERSION = YES;
				CLANG_WARN_INFINITE_RECURSION = YES;
				CLANG_WARN_INT_CONVERSION = YES;
				CLANG_WARN_NON_LITERAL_NULL_CONVERSION = YES;
				CLANG_WARN_OBJC_IMPLICIT_RETAIN_SELF = YES;
				CLANG_WARN_OBJC_LITERAL_CONVERSION = YES;
				CLANG_WARN_OBJC_ROOT_CLASS = YES_ERROR;
				CLANG_WARN_QUOTED_INCLUDE_IN_FRAMEWORK_HEADER = YES;
				CLANG_WARN_RANGE_LOOP_ANALYSIS = YES;
				CLANG_WARN_STRICT_PROTOTYPES = YES;
				CLANG_WARN_SUSPICIOUS_MOVE = YES;
				CLANG_WARN_UNGUARDED_AVAILABILITY = YES_AGGRESSIVE;
				CLANG_WARN_UNREACHABLE_CODE = YES;
				CLANG_WARN__DUPLICATE_METHOD_MATCH = YES;
				COPY_PHASE_STRIP = NO;
				DEBUG_INFORMATION_FORMAT = dwarf;
				ENABLE_STRICT_OBJC_MSGSEND = YES;
				ENABLE_TESTABILITY = YES;
				ENABLE_USER_SCRIPT_SANDBOXING = YES;
				GCC_C_LANGUAGE_STANDARD = gnu17;
				GCC_DYNAMIC_NO_PIC = NO;
				GCC_NO_COMMON_BLOCKS = YES;
				GCC_OPTIMIZATION_LEVEL = 0;
				GCC_PREPROCESSOR_DEFINITIONS = (
					"DEBUG=1",
					"$(inherited)",
				);
				GCC_WARN_64_TO_32_BIT_CONVERSION = YES;
				GCC_WARN_ABOUT_RETURN_TYPE = YES_ERROR;
				GCC_WARN_UNDECLARED_SELECTOR = YES;
				GCC_WARN_UNINITIALIZED_AUTOS = YES_AGGRESSIVE;
				GCC_WARN_UNUSED_FUNCTION = YES;
				GCC_WARN_UNUSED_VARIABLE = YES;
				IPHONEOS_DEPLOYMENT_TARGET = 17.4;
				LOCALIZATION_PREFERS_STRING_CATALOGS = YES;
				MTL_ENABLE_DEBUG_INFO = INCLUDE_SOURCE;
				MTL_FAST_MATH = YES;
				ONLY_ACTIVE_ARCH = YES;
				SDKROOT = iphoneos;
				SWIFT_ACTIVE_COMPILATION_CONDITIONS = "DEBUG $(inherited)";
				SWIFT_OPTIMIZATION_LEVEL = "-Onone";
			};
			name = Debug;
		};
		C55FBB182BD5F67A000655DE /* Release */ = {
			isa = XCBuildConfiguration;
			buildSettings = {
				ALWAYS_SEARCH_USER_PATHS = NO;
				ASSETCATALOG_COMPILER_GENERATE_SWIFT_ASSET_SYMBOL_EXTENSIONS = YES;
				CLANG_ANALYZER_NONNULL = YES;
				CLANG_ANALYZER_NUMBER_OBJECT_CONVERSION = YES_AGGRESSIVE;
				CLANG_CXX_LANGUAGE_STANDARD = "gnu++20";
				CLANG_ENABLE_MODULES = YES;
				CLANG_ENABLE_OBJC_ARC = YES;
				CLANG_ENABLE_OBJC_WEAK = YES;
				CLANG_WARN_BLOCK_CAPTURE_AUTORELEASING = YES;
				CLANG_WARN_BOOL_CONVERSION = YES;
				CLANG_WARN_COMMA = YES;
				CLANG_WARN_CONSTANT_CONVERSION = YES;
				CLANG_WARN_DEPRECATED_OBJC_IMPLEMENTATIONS = YES;
				CLANG_WARN_DIRECT_OBJC_ISA_USAGE = YES_ERROR;
				CLANG_WARN_DOCUMENTATION_COMMENTS = YES;
				CLANG_WARN_EMPTY_BODY = YES;
				CLANG_WARN_ENUM_CONVERSION = YES;
				CLANG_WARN_INFINITE_RECURSION = YES;
				CLANG_WARN_INT_CONVERSION = YES;
				CLANG_WARN_NON_LITERAL_NULL_CONVERSION = YES;
				CLANG_WARN_OBJC_IMPLICIT_RETAIN_SELF = YES;
				CLANG_WARN_OBJC_LITERAL_CONVERSION = YES;
				CLANG_WARN_OBJC_ROOT_CLASS = YES_ERROR;
				CLANG_WARN_QUOTED_INCLUDE_IN_FRAMEWORK_HEADER = YES;
				CLANG_WARN_RANGE_LOOP_ANALYSIS = YES;
				CLANG_WARN_STRICT_PROTOTYPES = YES;
				CLANG_WARN_SUSPICIOUS_MOVE = YES;
				CLANG_WARN_UNGUARDED_AVAILABILITY = YES_AGGRESSIVE;
				CLANG_WARN_UNREACHABLE_CODE = YES;
				CLANG_WARN__DUPLICATE_METHOD_MATCH = YES;
				COPY_PHASE_STRIP = NO;
				DEBUG_INFORMATION_FORMAT = "dwarf-with-dsym";
				ENABLE_NS_ASSERTIONS = NO;
				ENABLE_STRICT_OBJC_MSGSEND = YES;
				ENABLE_USER_SCRIPT_SANDBOXING = YES;
				GCC_C_LANGUAGE_STANDARD = gnu17;
				GCC_NO_COMMON_BLOCKS = YES;
				GCC_WARN_64_TO_32_BIT_CONVERSION = YES;
				GCC_WARN_ABOUT_RETURN_TYPE = YES_ERROR;
				GCC_WARN_UNDECLARED_SELECTOR = YES;
				GCC_WARN_UNINITIALIZED_AUTOS = YES_AGGRESSIVE;
				GCC_WARN_UNUSED_FUNCTION = YES;
				GCC_WARN_UNUSED_VARIABLE = YES;
				IPHONEOS_DEPLOYMENT_TARGET = 17.4;
				LOCALIZATION_PREFERS_STRING_CATALOGS = YES;
				MTL_ENABLE_DEBUG_INFO = NO;
				MTL_FAST_MATH = YES;
				SDKROOT = iphoneos;
				SWIFT_COMPILATION_MODE = wholemodule;
				VALIDATE_PRODUCT = YES;
			};
			name = Release;
		};
		C55FBB1A2BD5F67A000655DE /* Debug */ = {
			isa = XCBuildConfiguration;
			buildSettings = {
				ASSETCATALOG_COMPILER_APPICON_NAME = AppIcon;
				ASSETCATALOG_COMPILER_GLOBAL_ACCENT_COLOR_NAME = AccentColor;
				CODE_SIGN_STYLE = Automatic;
				CURRENT_PROJECT_VERSION = 1;
				DEVELOPMENT_ASSET_PATHS = "\"BlissBall/Preview Content\"";
				DEVELOPMENT_TEAM = 4YQ66K5T88;
				ENABLE_PREVIEWS = YES;
				GENERATE_INFOPLIST_FILE = YES;
				INFOPLIST_KEY_UIApplicationSceneManifest_Generation = YES;
				INFOPLIST_KEY_UIApplicationSupportsIndirectInputEvents = YES;
				INFOPLIST_KEY_UILaunchScreen_Generation = YES;
				INFOPLIST_KEY_UIStatusBarStyle = "";
				INFOPLIST_KEY_UISupportedInterfaceOrientations = UIInterfaceOrientationPortrait;
				INFOPLIST_KEY_UISupportedInterfaceOrientations_iPad = "UIInterfaceOrientationLandscapeLeft UIInterfaceOrientationLandscapeRight UIInterfaceOrientationPortrait UIInterfaceOrientationPortraitUpsideDown";
				IPHONEOS_DEPLOYMENT_TARGET = 17.2;
				LD_RUNPATH_SEARCH_PATHS = (
					"$(inherited)",
					"@executable_path/Frameworks",
				);
				MARKETING_VERSION = 1.0;
				PRODUCT_BUNDLE_IDENTIFIER = au.quang.BlissBall;
				PRODUCT_NAME = "$(TARGET_NAME)";
				SWIFT_EMIT_LOC_STRINGS = YES;
				SWIFT_VERSION = 5.0;
				TARGETED_DEVICE_FAMILY = "1,2";
			};
			name = Debug;
		};
		C55FBB1B2BD5F67A000655DE /* Release */ = {
			isa = XCBuildConfiguration;
			buildSettings = {
				ASSETCATALOG_COMPILER_APPICON_NAME = AppIcon;
				ASSETCATALOG_COMPILER_GLOBAL_ACCENT_COLOR_NAME = AccentColor;
				CODE_SIGN_STYLE = Automatic;
				CURRENT_PROJECT_VERSION = 1;
				DEVELOPMENT_ASSET_PATHS = "\"BlissBall/Preview Content\"";
				DEVELOPMENT_TEAM = 4YQ66K5T88;
				ENABLE_PREVIEWS = YES;
				GENERATE_INFOPLIST_FILE = YES;
				INFOPLIST_KEY_UIApplicationSceneManifest_Generation = YES;
				INFOPLIST_KEY_UIApplicationSupportsIndirectInputEvents = YES;
				INFOPLIST_KEY_UILaunchScreen_Generation = YES;
				INFOPLIST_KEY_UIStatusBarStyle = "";
				INFOPLIST_KEY_UISupportedInterfaceOrientations = UIInterfaceOrientationPortrait;
				INFOPLIST_KEY_UISupportedInterfaceOrientations_iPad = "UIInterfaceOrientationLandscapeLeft UIInterfaceOrientationLandscapeRight UIInterfaceOrientationPortrait UIInterfaceOrientationPortraitUpsideDown";
				IPHONEOS_DEPLOYMENT_TARGET = 17.2;
				LD_RUNPATH_SEARCH_PATHS = (
					"$(inherited)",
					"@executable_path/Frameworks",
				);
				MARKETING_VERSION = 1.0;
				PRODUCT_BUNDLE_IDENTIFIER = au.quang.BlissBall;
				PRODUCT_NAME = "$(TARGET_NAME)";
				SWIFT_EMIT_LOC_STRINGS = YES;
				SWIFT_VERSION = 5.0;
				TARGETED_DEVICE_FAMILY = "1,2";
			};
			name = Release;
		};
/* End XCBuildConfiguration section */

/* Begin XCConfigurationList section */
		C55FBB062BD5F679000655DE /* Build configuration list for PBXProject "BlissBall" */ = {
			isa = XCConfigurationList;
			buildConfigurations = (
				C55FBB172BD5F67A000655DE /* Debug */,
				C55FBB182BD5F67A000655DE /* Release */,
			);
			defaultConfigurationIsVisible = 0;
			defaultConfigurationName = Release;
		};
		C55FBB192BD5F67A000655DE /* Build configuration list for PBXNativeTarget "BlissBubble" */ = {
			isa = XCConfigurationList;
			buildConfigurations = (
				C55FBB1A2BD5F67A000655DE /* Debug */,
				C55FBB1B2BD5F67A000655DE /* Release */,
			);
			defaultConfigurationIsVisible = 0;
			defaultConfigurationName = Release;
		};
/* End XCConfigurationList section */
	};
	rootObject = C55FBB032BD5F679000655DE /* Project object */;
}
